
Microsoft Visual Studio Solution File, Format Version 12.00
# Visual Studio 14
VisualStudioVersion = 14.0.24720.0
MinimumVisualStudioVersion = 10.0.40219.1
Project("{FAE04EC0-301F-11D3-BF4B-00C04F79EFBC}") = "Code4U.WinForm", "Code4U.WinForm\Code4U.WinForm.csproj", "{0EF4A0B3-AFC7-47A8-9767-1E858430690E}"
EndProject
Project("{FAE04EC0-301F-11D3-BF4B-00C04F79EFBC}") = "Code4U", "Code4U\Code4U.csproj", "{C453EACE-93C5-44F1-B219-EEED8D11A3B5}"
EndProject
Global
	GlobalSection(SolutionConfigurationPlatforms) = preSolution
		Debug|Any CPU = Debug|Any CPU
		Release|Any CPU = Release|Any CPU
	EndGlobalSection
	GlobalSection(ProjectConfigurationPlatforms) = postSolution
		{0EF4A0B3-AFC7-47A8-9767-1E858430690E}.Debug|Any CPU.ActiveCfg = Debug|Any CPU
		{0EF4A0B3-AFC7-47A8-9767-1E858430690E}.Debug|Any CPU.Build.0 = Debug|Any CPU
		{0EF4A0B3-AFC7-47A8-9767-1E858430690E}.Release|Any CPU.ActiveCfg = Release|Any CPU
		{0EF4A0B3-AFC7-47A8-9767-1E858430690E}.Release|Any CPU.Build.0 = Release|Any CPU
		{C453EACE-93C5-44F1-B219-EEED8D11A3B5}.Debug|Any CPU.ActiveCfg = Debug|Any CPU
		{C453EACE-93C5-44F1-B219-EEED8D11A3B5}.Debug|Any CPU.Build.0 = Debug|Any CPU
		{C453EACE-93C5-44F1-B219-EEED8D11A3B5}.Release|Any CPU.ActiveCfg = Release|Any CPU
		{C453EACE-93C5-44F1-B219-EEED8D11A3B5}.Release|Any CPU.Build.0 = Release|Any CPU
	EndGlobalSection
	GlobalSection(SolutionProperties) = preSolution
		HideSolutionNode = FALSE
	EndGlobalSection
EndGlobal
